
Microsoft Visual Studio Solution File, Format Version 12.00
# Visual Studio Version 17
VisualStudioVersion = 17.3.32929.385
MinimumVisualStudioVersion = 10.0.40219.1
Project("{9A19103F-16F7-4668-BE54-9A1E7A4F7556}") = "Steam Market Vend", "Steam Market Vend\Steam Market Vend.csproj", "{46C99834-03B8-4081-9F03-51BF86CF706B}"
EndProject
Global
	GlobalSection(SolutionConfigurationPlatforms) = preSolution
		Debug|Any CPU = Debug|Any CPU
		Release|Any CPU = Release|Any CPU
	EndGlobalSection
	GlobalSection(ProjectConfigurationPlatforms) = postSolution
		{46C99834-03B8-4081-9F03-51BF86CF706B}.Debug|Any CPU.ActiveCfg = Debug|Any CPU
		{46C99834-03B8-4081-9F03-51BF86CF706B}.Debug|Any CPU.Build.0 = Debug|Any CPU
		{46C99834-03B8-4081-9F03-51BF86CF706B}.Release|Any CPU.ActiveCfg = Release|Any CPU
		{46C99834-03B8-4081-9F03-51BF86CF706B}.Release|Any CPU.Build.0 = Release|Any CPU
	EndGlobalSection
	GlobalSection(SolutionProperties) = preSolution
		HideSolutionNode = FALSE
	EndGlobalSection
	GlobalSection(ExtensibilityGlobals) = postSolution
		SolutionGuid = {45F33360-21C5-46D3-A50B-D9EB4885D2BC}
	EndGlobalSection
EndGlobal
